
Microsoft Visual Studio Solution File, Format Version 12.00
# Visual Studio Version 16
VisualStudioVersion = 16.0.33927.289
MinimumVisualStudioVersion = 10.0.40219.1
Project("{FAE04EC0-301F-11D3-BF4B-00C04F79EFBC}") = "Tyuiu.BreslavskayaIV.Sprint3.Task0.V3", "Tyuiu.BreslavskyaIV.Sprint3.Task0.V3\Tyuiu.BreslavskayaIV.Sprint3.Task0.V3.csproj", "{ECC0C323-9FFA-4C0D-8AB6-37BB64D65B03}"
EndProject
Project("{FAE04EC0-301F-11D3-BF4B-00C04F79EFBC}") = "Tyuiu.BreslavskayaIV.Sprint3.Task0.V3.Lib", "Tyuiu.BreslavskayaIV.Sprint3.Task0.V3.Lib\Tyuiu.BreslavskayaIV.Sprint3.Task0.V3.Lib.csproj", "{F88588E0-82E5-43A8-B219-58E020364B88}"
EndProject
Project("{FAE04EC0-301F-11D3-BF4B-00C04F79EFBC}") = "Tyuiu.BreslavskayaIV.Sprint3.Task0.V3.Test", "Tyuiu.BreslavskayaIV.Sprint3.Task0.V3.Test\Tyuiu.BreslavskayaIV.Sprint3.Task0.V3.Test.csproj", "{40CE7CCC-4D69-43EB-A98B-C0DCE1ACDF46}"
EndProject
Project("{FAE04EC0-301F-11D3-BF4B-00C04F79EFBC}") = "Tyuiu.BreslavskayaIV.Sprint3.Task1.V4", "Tyuiu.BreslavskayaIV.Sprint3.Task1.V4\Tyuiu.BreslavskayaIV.Sprint3.Task1.V4.csproj", "{11EBFFB3-23C0-4019-AA8B-B475C4BF39E7}"
EndProject
Project("{2150E333-8FDC-42A3-9474-1A3956D46DE8}") = "Task0", "Task0", "{3A196BF0-CBDD-4416-8659-E863A5480C2B}"
EndProject
Project("{2150E333-8FDC-42A3-9474-1A3956D46DE8}") = "Task1", "Task1", "{A28D8DE2-B864-49E3-9EFA-1AC8D0E62250}"
EndProject
Project("{2150E333-8FDC-42A3-9474-1A3956D46DE8}") = "Task2", "Task2", "{618175DF-4DF7-4B41-AF26-241D17572B95}"
EndProject
Project("{2150E333-8FDC-42A3-9474-1A3956D46DE8}") = "Task3", "Task3", "{C92E8F04-225C-45AB-B1C4-B505A83F584D}"
EndProject
Project("{2150E333-8FDC-42A3-9474-1A3956D46DE8}") = "Task4", "Task4", "{0B5388BA-5AAE-4151-BF52-24ED5690936A}"
EndProject
Project("{2150E333-8FDC-42A3-9474-1A3956D46DE8}") = "Task5", "Task5", "{2310BF3C-05C6-4518-98FD-15AFFA271AB8}"
EndProject
Project("{2150E333-8FDC-42A3-9474-1A3956D46DE8}") = "Task6", "Task6", "{21D0A56A-23AB-47C9-8461-B65A9E1DD27A}"
EndProject
Project("{2150E333-8FDC-42A3-9474-1A3956D46DE8}") = "Task7", "Task7", "{18F99197-E8D3-498C-A4E9-974AB496E5D4}"
EndProject
Project("{FAE04EC0-301F-11D3-BF4B-00C04F79EFBC}") = "Tyuiu.BreslavskayaIV.Sprint3.Task1.V4.Lib", "Tyuiu.BreslavskayaIV.Sprint3.Task1.V4.Lib\Tyuiu.BreslavskayaIV.Sprint3.Task1.V4.Lib.csproj", "{52469472-F81D-4876-89EB-190B97E6C450}"
EndProject
Project("{FAE04EC0-301F-11D3-BF4B-00C04F79EFBC}") = "Tyuiu.BreslavskayaIV.Sprint3.Task1.V4.Test", "Tyuiu.BreslavskayaIV.Sprint3.Task1.V4.Test\Tyuiu.BreslavskayaIV.Sprint3.Task1.V4.Test.csproj", "{68F7E819-4322-45A7-96FA-F176DC6C70D9}"
EndProject
Project("{FAE04EC0-301F-11D3-BF4B-00C04F79EFBC}") = "Tyuiu.BreslavskayaIV.Sprint3.Task2.V28", "Tyuiu.BreslavskayaIV.Sprint3.Task2.V28\Tyuiu.BreslavskayaIV.Sprint3.Task2.V28.csproj", "{CB6FB5C2-36C8-40F4-AC34-E5EB524FCC77}"
EndProject
Project("{FAE04EC0-301F-11D3-BF4B-00C04F79EFBC}") = "Tyuiu.BreslavskayaIV.Sprint3.Task2.V28.Lib", "Tyuiu.BreslavskayaIV.Sprint3.Task2.V28.Lib\Tyuiu.BreslavskayaIV.Sprint3.Task2.V28.Lib.csproj", "{6FCE1D8A-0D33-405B-9216-2E7987D4D093}"
EndProject
Project("{FAE04EC0-301F-11D3-BF4B-00C04F79EFBC}") = "Tyuiu.BreslavskayaIV.Sprint3.Task2.V28.Test", "Tyuiu.BreslavskayaIV.Sprint3.Task2.V28.Test\Tyuiu.BreslavskayaIV.Sprint3.Task2.V28.Test.csproj", "{BF0C88C9-8FBF-4158-B738-626D6BDF32FF}"
EndProject
Project("{FAE04EC0-301F-11D3-BF4B-00C04F79EFBC}") = "Tyuiu.BreslavskayaIV.Sprint3.Task3.V26", "Tyuiu.BreslavskayaIV.Sprint3.Task3.V26\Tyuiu.BreslavskayaIV.Sprint3.Task3.V26.csproj", "{A5783935-245D-4B35-9D93-0297BEE65C65}"
EndProject
Project("{FAE04EC0-301F-11D3-BF4B-00C04F79EFBC}") = "Tyuiu.BreslavskayaIV.Sprint3.Task3.V26.Lib", "Tyuiu.BreslavskayaIV.Sprint3.Task3.V26.Lib\Tyuiu.BreslavskayaIV.Sprint3.Task3.V26.Lib.csproj", "{F0EA8C5C-D4EA-43A9-A95D-FEEC74267DD1}"
EndProject
Project("{FAE04EC0-301F-11D3-BF4B-00C04F79EFBC}") = "Tyuiu.BreslavskayaIV.Sprint3.Task3.V26.Test", "Tyuiu.BreslavskayaIV.Sprint3.Task3.V26.Test\Tyuiu.BreslavskayaIV.Sprint3.Task3.V26.Test.csproj", "{7F86F890-C691-47DE-8287-9782304FCA1E}"
EndProject
Project("{FAE04EC0-301F-11D3-BF4B-00C04F79EFBC}") = "Tyuiu.BreslavskayaIV.Sprint3.Task4.V9", "Tyuiu.BreslavskayaIV.Sprint3.Task4.V9\Tyuiu.BreslavskayaIV.Sprint3.Task4.V9.csproj", "{8C88FE1C-4339-4E1B-8D5A-4AB481C4BB3E}"
EndProject
Project("{FAE04EC0-301F-11D3-BF4B-00C04F79EFBC}") = "Tyuiu.BreslavskayaIV.Sprint3.Task4.V9.Lib", "Tyuiu.BreslavskayaIV.Sprint3.Task4.V9.Lib\Tyuiu.BreslavskayaIV.Sprint3.Task4.V9.Lib.csproj", "{365B3999-E152-47C3-8A04-317B0E1743CB}"
EndProject
Project("{FAE04EC0-301F-11D3-BF4B-00C04F79EFBC}") = "Tyuiu.BreslavskayaIV.Sprint3.Task4.V9.Test", "Tyuiu.BreslavskayaIV.Sprint3.Task4.V9.Test\Tyuiu.BreslavskayaIV.Sprint3.Task4.V9.Test.csproj", "{8F60F604-6B4C-418D-AEF8-58BF06096BF0}"
EndProject
Project("{FAE04EC0-301F-11D3-BF4B-00C04F79EFBC}") = "Tyuiu.BreslavskayaIV.Sprint3.Task5.V12", "Tyuiu.BreslavskayaIV.Sprint3.Task5.V12\Tyuiu.BreslavskayaIV.Sprint3.Task5.V12.csproj", "{C3C4C9BC-9BB1-4EFC-8428-5567BB6C5FCE}"
EndProject
Project("{FAE04EC0-301F-11D3-BF4B-00C04F79EFBC}") = "Tyuiu.BreslavskayaIV.Sprint3.Task5.V12.Lib", "Tyuiu.BreslavskayaIV.Sprint3.Task5.V12.Lib\Tyuiu.BreslavskayaIV.Sprint3.Task5.V12.Lib.csproj", "{EC3A05BB-9A6B-4AA0-AC49-A6BD71E6D5AD}"
EndProject
Project("{FAE04EC0-301F-11D3-BF4B-00C04F79EFBC}") = "Tyuiu.BreslavskayaIV.Sprint3.Task5.V12.Test", "Tyuiu.BreslavskayaIV.Sprint3.Task5.V12.Test\Tyuiu.BreslavskayaIV.Sprint3.Task5.V12.Test.csproj", "{AA7524CD-B62D-478B-AF34-1B90DE7FF24E}"
EndProject
Project("{FAE04EC0-301F-11D3-BF4B-00C04F79EFBC}") = "Tyuiu.BreslavskayaIV.Sprint3.Task6.V3", "Tyuiu.BreslavskayaIV.Sprint3.Task6.V3\Tyuiu.BreslavskayaIV.Sprint3.Task6.V3.csproj", "{246D415B-F27D-46B8-A7E8-E306C3027AE9}"
EndProject
Project("{FAE04EC0-301F-11D3-BF4B-00C04F79EFBC}") = "Tyuiu.BreslavskayaIV.Sprint3.Task6.V3.Lib", "Tyuiu.BreslavskayaIV.Sprint3.Task6.V3.Lib\Tyuiu.BreslavskayaIV.Sprint3.Task6.V3.Lib.csproj", "{7554013F-3CFE-4354-8A75-DD7F29A6C7C6}"
EndProject
Project("{FAE04EC0-301F-11D3-BF4B-00C04F79EFBC}") = "Tyuiu.BreslavskayaIV.Sprint3.Task6.V3.Test", "Tyuiu.BreslavskayaIV.Sprint3.Task6.V3.Test\Tyuiu.BreslavskayaIV.Sprint3.Task6.V3.Test.csproj", "{19FC108A-EB3D-4CB9-9522-75EF69B28A61}"
EndProject
Project("{FAE04EC0-301F-11D3-BF4B-00C04F79EFBC}") = "Tyuiu.BreslavskayaIV.Sprint3.Task7.V23", "Tyuiu.BreslavskayaIV.Sprint3.Task7.V23\Tyuiu.BreslavskayaIV.Sprint3.Task7.V23.csproj", "{B065B679-9F2B-4533-9B70-A5C8ED1E6FDF}"
EndProject
Project("{FAE04EC0-301F-11D3-BF4B-00C04F79EFBC}") = "Tyuiu.BreslavskayaIV.Sprint3.Task7.V23.Lib", "Tyuiu.BreslavskayaIV.Sprint3.Task7.V23.Lib\Tyuiu.BreslavskayaIV.Sprint3.Task7.V23.Lib.csproj", "{2F965F60-13D7-4C3B-B101-2F614B7B887B}"
EndProject
Project("{FAE04EC0-301F-11D3-BF4B-00C04F79EFBC}") = "Tyuiu.BreslavskayaIV.Sprint3.Task7.V23.Test", "Tyuiu.BreslavskayaIV.Sprint3.Task7.V23.Test\Tyuiu.BreslavskayaIV.Sprint3.Task7.V23.Test.csproj", "{04ACC23E-1452-40C3-BEAA-104E04D1808D}"
EndProject
Global
	GlobalSection(SolutionConfigurationPlatforms) = preSolution
		Debug|Any CPU = Debug|Any CPU
		Release|Any CPU = Release|Any CPU
	EndGlobalSection
	GlobalSection(ProjectConfigurationPlatforms) = postSolution
		{ECC0C323-9FFA-4C0D-8AB6-37BB64D65B03}.Debug|Any CPU.ActiveCfg = Debug|Any CPU
		{ECC0C323-9FFA-4C0D-8AB6-37BB64D65B03}.Debug|Any CPU.Build.0 = Debug|Any CPU
		{ECC0C323-9FFA-4C0D-8AB6-37BB64D65B03}.Release|Any CPU.ActiveCfg = Release|Any CPU
		{ECC0C323-9FFA-4C0D-8AB6-37BB64D65B03}.Release|Any CPU.Build.0 = Release|Any CPU
		{F88588E0-82E5-43A8-B219-58E020364B88}.Debug|Any CPU.ActiveCfg = Debug|Any CPU
		{F88588E0-82E5-43A8-B219-58E020364B88}.Debug|Any CPU.Build.0 = Debug|Any CPU
		{F88588E0-82E5-43A8-B219-58E020364B88}.Release|Any CPU.ActiveCfg = Release|Any CPU
		{F88588E0-82E5-43A8-B219-58E020364B88}.Release|Any CPU.Build.0 = Release|Any CPU
		{40CE7CCC-4D69-43EB-A98B-C0DCE1ACDF46}.Debug|Any CPU.ActiveCfg = Debug|Any CPU
		{40CE7CCC-4D69-43EB-A98B-C0DCE1ACDF46}.Debug|Any CPU.Build.0 = Debug|Any CPU
		{40CE7CCC-4D69-43EB-A98B-C0DCE1ACDF46}.Release|Any CPU.ActiveCfg = Release|Any CPU
		{40CE7CCC-4D69-43EB-A98B-C0DCE1ACDF46}.Release|Any CPU.Build.0 = Release|Any CPU
		{11EBFFB3-23C0-4019-AA8B-B475C4BF39E7}.Debug|Any CPU.ActiveCfg = Debug|Any CPU
		{11EBFFB3-23C0-4019-AA8B-B475C4BF39E7}.Debug|Any CPU.Build.0 = Debug|Any CPU
		{11EBFFB3-23C0-4019-AA8B-B475C4BF39E7}.Release|Any CPU.ActiveCfg = Release|Any CPU
		{11EBFFB3-23C0-4019-AA8B-B475C4BF39E7}.Release|Any CPU.Build.0 = Release|Any CPU
		{52469472-F81D-4876-89EB-190B97E6C450}.Debug|Any CPU.ActiveCfg = Debug|Any CPU
		{52469472-F81D-4876-89EB-190B97E6C450}.Debug|Any CPU.Build.0 = Debug|Any CPU
		{52469472-F81D-4876-89EB-190B97E6C450}.Release|Any CPU.ActiveCfg = Release|Any CPU
		{52469472-F81D-4876-89EB-190B97E6C450}.Release|Any CPU.Build.0 = Release|Any CPU
		{68F7E819-4322-45A7-96FA-F176DC6C70D9}.Debug|Any CPU.ActiveCfg = Debug|Any CPU
		{68F7E819-4322-45A7-96FA-F176DC6C70D9}.Debug|Any CPU.Build.0 = Debug|Any CPU
		{68F7E819-4322-45A7-96FA-F176DC6C70D9}.Release|Any CPU.ActiveCfg = Release|Any CPU
		{68F7E819-4322-45A7-96FA-F176DC6C70D9}.Release|Any CPU.Build.0 = Release|Any CPU
		{CB6FB5C2-36C8-40F4-AC34-E5EB524FCC77}.Debug|Any CPU.ActiveCfg = Debug|Any CPU
		{CB6FB5C2-36C8-40F4-AC34-E5EB524FCC77}.Debug|Any CPU.Build.0 = Debug|Any CPU
		{CB6FB5C2-36C8-40F4-AC34-E5EB524FCC77}.Release|Any CPU.ActiveCfg = Release|Any CPU
		{CB6FB5C2-36C8-40F4-AC34-E5EB524FCC77}.Release|Any CPU.Build.0 = Release|Any CPU
		{6FCE1D8A-0D33-405B-9216-2E7987D4D093}.Debug|Any CPU.ActiveCfg = Debug|Any CPU
		{6FCE1D8A-0D33-405B-9216-2E7987D4D093}.Debug|Any CPU.Build.0 = Debug|Any CPU
		{6FCE1D8A-0D33-405B-9216-2E7987D4D093}.Release|Any CPU.ActiveCfg = Release|Any CPU
		{6FCE1D8A-0D33-405B-9216-2E7987D4D093}.Release|Any CPU.Build.0 = Release|Any CPU
		{BF0C88C9-8FBF-4158-B738-626D6BDF32FF}.Debug|Any CPU.ActiveCfg = Debug|Any CPU
		{BF0C88C9-8FBF-4158-B738-626D6BDF32FF}.Debug|Any CPU.Build.0 = Debug|Any CPU
		{BF0C88C9-8FBF-4158-B738-626D6BDF32FF}.Release|Any CPU.ActiveCfg = Release|Any CPU
		{BF0C88C9-8FBF-4158-B738-626D6BDF32FF}.Release|Any CPU.Build.0 = Release|Any CPU
		{A5783935-245D-4B35-9D93-0297BEE65C65}.Debug|Any CPU.ActiveCfg = Debug|Any CPU
		{A5783935-245D-4B35-9D93-0297BEE65C65}.Debug|Any CPU.Build.0 = Debug|Any CPU
		{A5783935-245D-4B35-9D93-0297BEE65C65}.Release|Any CPU.ActiveCfg = Release|Any CPU
		{A5783935-245D-4B35-9D93-0297BEE65C65}.Release|Any CPU.Build.0 = Release|Any CPU
		{F0EA8C5C-D4EA-43A9-A95D-FEEC74267DD1}.Debug|Any CPU.ActiveCfg = Debug|Any CPU
		{F0EA8C5C-D4EA-43A9-A95D-FEEC74267DD1}.Debug|Any CPU.Build.0 = Debug|Any CPU
		{F0EA8C5C-D4EA-43A9-A95D-FEEC74267DD1}.Release|Any CPU.ActiveCfg = Release|Any CPU
		{F0EA8C5C-D4EA-43A9-A95D-FEEC74267DD1}.Release|Any CPU.Build.0 = Release|Any CPU
		{7F86F890-C691-47DE-8287-9782304FCA1E}.Debug|Any CPU.ActiveCfg = Debug|Any CPU
		{7F86F890-C691-47DE-8287-9782304FCA1E}.Debug|Any CPU.Build.0 = Debug|Any CPU
		{7F86F890-C691-47DE-8287-9782304FCA1E}.Release|Any CPU.ActiveCfg = Release|Any CPU
		{7F86F890-C691-47DE-8287-9782304FCA1E}.Release|Any CPU.Build.0 = Release|Any CPU
		{8C88FE1C-4339-4E1B-8D5A-4AB481C4BB3E}.Debug|Any CPU.ActiveCfg = Debug|Any CPU
		{8C88FE1C-4339-4E1B-8D5A-4AB481C4BB3E}.Debug|Any CPU.Build.0 = Debug|Any CPU
		{8C88FE1C-4339-4E1B-8D5A-4AB481C4BB3E}.Release|Any CPU.ActiveCfg = Release|Any CPU
		{8C88FE1C-4339-4E1B-8D5A-4AB481C4BB3E}.Release|Any CPU.Build.0 = Release|Any CPU
		{365B3999-E152-47C3-8A04-317B0E1743CB}.Debug|Any CPU.ActiveCfg = Debug|Any CPU
		{365B3999-E152-47C3-8A04-317B0E1743CB}.Debug|Any CPU.Build.0 = Debug|Any CPU
		{365B3999-E152-47C3-8A04-317B0E1743CB}.Release|Any CPU.ActiveCfg = Release|Any CPU
		{365B3999-E152-47C3-8A04-317B0E1743CB}.Release|Any CPU.Build.0 = Release|Any CPU
		{8F60F604-6B4C-418D-AEF8-58BF06096BF0}.Debug|Any CPU.ActiveCfg = Debug|Any CPU
		{8F60F604-6B4C-418D-AEF8-58BF06096BF0}.Debug|Any CPU.Build.0 = Debug|Any CPU
		{8F60F604-6B4C-418D-AEF8-58BF06096BF0}.Release|Any CPU.ActiveCfg = Release|Any CPU
		{8F60F604-6B4C-418D-AEF8-58BF06096BF0}.Release|Any CPU.Build.0 = Release|Any CPU
		{C3C4C9BC-9BB1-4EFC-8428-5567BB6C5FCE}.Debug|Any CPU.ActiveCfg = Debug|Any CPU
		{C3C4C9BC-9BB1-4EFC-8428-5567BB6C5FCE}.Debug|Any CPU.Build.0 = Debug|Any CPU
		{C3C4C9BC-9BB1-4EFC-8428-5567BB6C5FCE}.Release|Any CPU.ActiveCfg = Release|Any CPU
		{C3C4C9BC-9BB1-4EFC-8428-5567BB6C5FCE}.Release|Any CPU.Build.0 = Release|Any CPU
		{EC3A05BB-9A6B-4AA0-AC49-A6BD71E6D5AD}.Debug|Any CPU.ActiveCfg = Debug|Any CPU
		{EC3A05BB-9A6B-4AA0-AC49-A6BD71E6D5AD}.Debug|Any CPU.Build.0 = Debug|Any CPU
		{EC3A05BB-9A6B-4AA0-AC49-A6BD71E6D5AD}.Release|Any CPU.ActiveCfg = Release|Any CPU
		{EC3A05BB-9A6B-4AA0-AC49-A6BD71E6D5AD}.Release|Any CPU.Build.0 = Release|Any CPU
		{AA7524CD-B62D-478B-AF34-1B90DE7FF24E}.Debug|Any CPU.ActiveCfg = Debug|Any CPU
		{AA7524CD-B62D-478B-AF34-1B90DE7FF24E}.Debug|Any CPU.Build.0 = Debug|Any CPU
		{AA7524CD-B62D-478B-AF34-1B90DE7FF24E}.Release|Any CPU.ActiveCfg = Release|Any CPU
		{AA7524CD-B62D-478B-AF34-1B90DE7FF24E}.Release|Any CPU.Build.0 = Release|Any CPU
		{246D415B-F27D-46B8-A7E8-E306C3027AE9}.Debug|Any CPU.ActiveCfg = Debug|Any CPU
		{246D415B-F27D-46B8-A7E8-E306C3027AE9}.Debug|Any CPU.Build.0 = Debug|Any CPU
		{246D415B-F27D-46B8-A7E8-E306C3027AE9}.Release|Any CPU.ActiveCfg = Release|Any CPU
		{246D415B-F27D-46B8-A7E8-E306C3027AE9}.Release|Any CPU.Build.0 = Release|Any CPU
		{7554013F-3CFE-4354-8A75-DD7F29A6C7C6}.Debug|Any CPU.ActiveCfg = Debug|Any CPU
		{7554013F-3CFE-4354-8A75-DD7F29A6C7C6}.Debug|Any CPU.Build.0 = Debug|Any CPU
		{7554013F-3CFE-4354-8A75-DD7F29A6C7C6}.Release|Any CPU.ActiveCfg = Release|Any CPU
		{7554013F-3CFE-4354-8A75-DD7F29A6C7C6}.Release|Any CPU.Build.0 = Release|Any CPU
		{19FC108A-EB3D-4CB9-9522-75EF69B28A61}.Debug|Any CPU.ActiveCfg = Debug|Any CPU
		{19FC108A-EB3D-4CB9-9522-75EF69B28A61}.Debug|Any CPU.Build.0 = Debug|Any CPU
		{19FC108A-EB3D-4CB9-9522-75EF69B28A61}.Release|Any CPU.ActiveCfg = Release|Any CPU
		{19FC108A-EB3D-4CB9-9522-75EF69B28A61}.Release|Any CPU.Build.0 = Release|Any CPU
		{B065B679-9F2B-4533-9B70-A5C8ED1E6FDF}.Debug|Any CPU.ActiveCfg = Debug|Any CPU
		{B065B679-9F2B-4533-9B70-A5C8ED1E6FDF}.Debug|Any CPU.Build.0 = Debug|Any CPU
		{B065B679-9F2B-4533-9B70-A5C8ED1E6FDF}.Release|Any CPU.ActiveCfg = Release|Any CPU
		{B065B679-9F2B-4533-9B70-A5C8ED1E6FDF}.Release|Any CPU.Build.0 = Release|Any CPU
		{2F965F60-13D7-4C3B-B101-2F614B7B887B}.Debug|Any CPU.ActiveCfg = Debug|Any CPU
		{2F965F60-13D7-4C3B-B101-2F614B7B887B}.Debug|Any CPU.Build.0 = Debug|Any CPU
		{2F965F60-13D7-4C3B-B101-2F614B7B887B}.Release|Any CPU.ActiveCfg = Release|Any CPU
		{2F965F60-13D7-4C3B-B101-2F614B7B887B}.Release|Any CPU.Build.0 = Release|Any CPU
		{04ACC23E-1452-40C3-BEAA-104E04D1808D}.Debug|Any CPU.ActiveCfg = Debug|Any CPU
		{04ACC23E-1452-40C3-BEAA-104E04D1808D}.Debug|Any CPU.Build.0 = Debug|Any CPU
		{04ACC23E-1452-40C3-BEAA-104E04D1808D}.Release|Any CPU.ActiveCfg = Release|Any CPU
		{04ACC23E-1452-40C3-BEAA-104E04D1808D}.Release|Any CPU.Build.0 = Release|Any CPU
	EndGlobalSection
	GlobalSection(SolutionProperties) = preSolution
		HideSolutionNode = FALSE
	EndGlobalSection
	GlobalSection(NestedProjects) = preSolution
		{ECC0C323-9FFA-4C0D-8AB6-37BB64D65B03} = {3A196BF0-CBDD-4416-8659-E863A5480C2B}
		{F88588E0-82E5-43A8-B219-58E020364B88} = {3A196BF0-CBDD-4416-8659-E863A5480C2B}
		{40CE7CCC-4D69-43EB-A98B-C0DCE1ACDF46} = {3A196BF0-CBDD-4416-8659-E863A5480C2B}
		{11EBFFB3-23C0-4019-AA8B-B475C4BF39E7} = {A28D8DE2-B864-49E3-9EFA-1AC8D0E62250}
		{52469472-F81D-4876-89EB-190B97E6C450} = {A28D8DE2-B864-49E3-9EFA-1AC8D0E62250}
		{68F7E819-4322-45A7-96FA-F176DC6C70D9} = {A28D8DE2-B864-49E3-9EFA-1AC8D0E62250}
		{CB6FB5C2-36C8-40F4-AC34-E5EB524FCC77} = {618175DF-4DF7-4B41-AF26-241D17572B95}
		{6FCE1D8A-0D33-405B-9216-2E7987D4D093} = {618175DF-4DF7-4B41-AF26-241D17572B95}
		{BF0C88C9-8FBF-4158-B738-626D6BDF32FF} = {618175DF-4DF7-4B41-AF26-241D17572B95}
		{A5783935-245D-4B35-9D93-0297BEE65C65} = {C92E8F04-225C-45AB-B1C4-B505A83F584D}
		{F0EA8C5C-D4EA-43A9-A95D-FEEC74267DD1} = {C92E8F04-225C-45AB-B1C4-B505A83F584D}
		{7F86F890-C691-47DE-8287-9782304FCA1E} = {C92E8F04-225C-45AB-B1C4-B505A83F584D}
		{8C88FE1C-4339-4E1B-8D5A-4AB481C4BB3E} = {0B5388BA-5AAE-4151-BF52-24ED5690936A}
		{365B3999-E152-47C3-8A04-317B0E1743CB} = {0B5388BA-5AAE-4151-BF52-24ED5690936A}
		{8F60F604-6B4C-418D-AEF8-58BF06096BF0} = {0B5388BA-5AAE-4151-BF52-24ED5690936A}
		{C3C4C9BC-9BB1-4EFC-8428-5567BB6C5FCE} = {2310BF3C-05C6-4518-98FD-15AFFA271AB8}
		{EC3A05BB-9A6B-4AA0-AC49-A6BD71E6D5AD} = {2310BF3C-05C6-4518-98FD-15AFFA271AB8}
		{AA7524CD-B62D-478B-AF34-1B90DE7FF24E} = {2310BF3C-05C6-4518-98FD-15AFFA271AB8}
		{246D415B-F27D-46B8-A7E8-E306C3027AE9} = {21D0A56A-23AB-47C9-8461-B65A9E1DD27A}
		{7554013F-3CFE-4354-8A75-DD7F29A6C7C6} = {21D0A56A-23AB-47C9-8461-B65A9E1DD27A}
		{19FC108A-EB3D-4CB9-9522-75EF69B28A61} = {21D0A56A-23AB-47C9-8461-B65A9E1DD27A}
		{B065B679-9F2B-4533-9B70-A5C8ED1E6FDF} = {18F99197-E8D3-498C-A4E9-974AB496E5D4}
		{2F965F60-13D7-4C3B-B101-2F614B7B887B} = {18F99197-E8D3-498C-A4E9-974AB496E5D4}
		{04ACC23E-1452-40C3-BEAA-104E04D1808D} = {18F99197-E8D3-498C-A4E9-974AB496E5D4}
	EndGlobalSection
	GlobalSection(ExtensibilityGlobals) = postSolution
		SolutionGuid = {95FAC3BD-71CE-4A36-BE7E-FB9BE8B85330}
	EndGlobalSection
EndGlobal
